{
  "name": "src",
  "lockfileVersion": 3,
  "requires": true,
  "packages": {
    "": {
      "dependencies": {
        "kernelsu": "^1.0.6"
      }
    },
    "node_modules/kernelsu": {
      "version": "1.0.6",
      "resolved": "https://registry.npmmirror.com/kernelsu/-/kernelsu-1.0.6.tgz",
      "integrity": "sha512-f4/G9rYKJSQG2LGal/PJIDFY4ytbKxg6d6N4YuIDBX92JLve9WJ36Mmkws7H+laO4yd4mpNM+jrzU1lrXDGWAA=="
    }
  }
}
